
Microsoft Visual Studio Solution File, Format Version 12.00
# Visual Studio Version 16
VisualStudioVersion = 16.0.29503.13
MinimumVisualStudioVersion = 10.0.40219.1
Project("{FAE04EC0-301F-11D3-BF4B-00C04F79EFBC}") = "Addition4", "Addition4\Addition4.csproj", "{A0A97756-4CFF-4E35-B8DB-EBB86BAC6C17}"
EndProject
Global
	GlobalSection(SolutionConfigurationPlatforms) = preSolution
		Debug|Any CPU = Debug|Any CPU
		Release|Any CPU = Release|Any CPU
	EndGlobalSection
	GlobalSection(ProjectConfigurationPlatforms) = postSolution
		{A0A97756-4CFF-4E35-B8DB-EBB86BAC6C17}.Debug|Any CPU.ActiveCfg = Debug|Any CPU
		{A0A97756-4CFF-4E35-B8DB-EBB86BAC6C17}.Debug|Any CPU.Build.0 = Debug|Any CPU
		{A0A97756-4CFF-4E35-B8DB-EBB86BAC6C17}.Release|Any CPU.ActiveCfg = Release|Any CPU
		{A0A97756-4CFF-4E35-B8DB-EBB86BAC6C17}.Release|Any CPU.Build.0 = Release|Any CPU
	EndGlobalSection
	GlobalSection(SolutionProperties) = preSolution
		HideSolutionNode = FALSE
	EndGlobalSection
	GlobalSection(ExtensibilityGlobals) = postSolution
		SolutionGuid = {E7DAC1D0-8DEF-48C6-866E-44D655DAFFFD}
	EndGlobalSection
EndGlobal
